// !$*UTF8*$!
{
	archiveVersion = 1;
	classes = {
	};
	objectVersion = 55;
	objects = {

/* Begin PBXBuildFile section */
		6A75F4F82D5A08E2000B99EB /* User.swift in Sources */ = {isa = PBXBuildFile; fileRef = 6A75F4F72D5A08E2000B99EB /* User.swift */; };
		6A75F4FA2D5A0964000B99EB /* AuthViewModel.swift in Sources */ = {isa = PBXBuildFile; fileRef = 6A75F4F92D5A0964000B99EB /* AuthViewModel.swift */; };
		6A75F4FC2D5A09B8000B99EB /* LoginView.swift in Sources */ = {isa = PBXBuildFile; fileRef = 6A75F4FB2D5A09B7000B99EB /* LoginView.swift */; };
		6A75F4FE2D5A0D64000B99EB /* RegisterView.swift in Sources */ = {isa = PBXBuildFile; fileRef = 6A75F4FD2D5A0D64000B99EB /* RegisterView.swift */; };
		6ABAE9162D5B85B0009F1CE5 /* EditTaskView.swift in Sources */ = {isa = PBXBuildFile; fileRef = 6ABAE9152D5B85B0009F1CE5 /* EditTaskView.swift */; };
		6AC1C0EA2D5B6F920097F8F2 /* KanbanTaskView.swift in Sources */ = {isa = PBXBuildFile; fileRef = 6AC1C0E92D5B6F920097F8F2 /* KanbanTaskView.swift */; };
		FF047D5A2D5DF21E00836944 /* Content.swift in Sources */ = {isa = PBXBuildFile; fileRef = FF047D592D5DF21E00836944 /* Content.swift */; };
		FF04B4622D48B0620001A180 /* KanbanBoardCard.swift in Sources */ = {isa = PBXBuildFile; fileRef = FF04B4612D48B0620001A180 /* KanbanBoardCard.swift */; };
		FF04B4642D48B0AA0001A180 /* CreateKanbanBoardView.swift in Sources */ = {isa = PBXBuildFile; fileRef = FF04B4632D48B0AA0001A180 /* CreateKanbanBoardView.swift */; };
		FF04B4662D48B1070001A180 /* SettingsView.swift in Sources */ = {isa = PBXBuildFile; fileRef = FF04B4652D48B1070001A180 /* SettingsView.swift */; };
		FF1E2F702D3F7F86000FEFB4 /* KanbanColumn.swift in Sources */ = {isa = PBXBuildFile; fileRef = FF1E2F6F2D3F7F86000FEFB4 /* KanbanColumn.swift */; };
		FF1E2F722D3F7FC1000FEFB4 /* KanbanTask.swift in Sources */ = {isa = PBXBuildFile; fileRef = FF1E2F712D3F7FC1000FEFB4 /* KanbanTask.swift */; };
		FF52B3D12D48B40500E82037 /* KanbanBoard.swift in Sources */ = {isa = PBXBuildFile; fileRef = FF52B3D02D48B40500E82037 /* KanbanBoard.swift */; };
		FF52B3D32D48BED000E82037 /* DataSavingService.swift in Sources */ = {isa = PBXBuildFile; fileRef = FF52B3D22D48BED000E82037 /* DataSavingService.swift */; };
		FF52B3D52D48BEF900E82037 /* KanbanBoardViewModel.swift in Sources */ = {isa = PBXBuildFile; fileRef = FF52B3D42D48BEF900E82037 /* KanbanBoardViewModel.swift */; };
		FF5834F12D3F605900C9482D /* IKIGAIApp.swift in Sources */ = {isa = PBXBuildFile; fileRef = FF5834F02D3F605900C9482D /* IKIGAIApp.swift */; };
		FF5834F52D3F605B00C9482D /* Assets.xcassets in Resources */ = {isa = PBXBuildFile; fileRef = FF5834F42D3F605B00C9482D /* Assets.xcassets */; };
		FF5834F82D3F605B00C9482D /* Preview Assets.xcassets in Resources */ = {isa = PBXBuildFile; fileRef = FF5834F72D3F605B00C9482D /* Preview Assets.xcassets */; };
		FF5835222D3F644200C9482D /* TaskStatus.swift in Sources */ = {isa = PBXBuildFile; fileRef = FF5835212D3F644200C9482D /* TaskStatus.swift */; };
		FF5835262D3F64F000C9482D /* MainMenuView.swift in Sources */ = {isa = PBXBuildFile; fileRef = FF5835252D3F64F000C9482D /* MainMenuView.swift */; };
		FF5835282D3F655000C9482D /* KanbanBoardView.swift in Sources */ = {isa = PBXBuildFile; fileRef = FF5835272D3F655000C9482D /* KanbanBoardView.swift */; };
		FF58352A2D3F65AF00C9482D /* KanbanColumnView.swift in Sources */ = {isa = PBXBuildFile; fileRef = FF5835292D3F65AF00C9482D /* KanbanColumnView.swift */; };
		FF58353B2D3F71A900C9482D /* AddTaskView.swift in Sources */ = {isa = PBXBuildFile; fileRef = FF58353A2D3F71A900C9482D /* AddTaskView.swift */; };
/* End PBXBuildFile section */

/* Begin PBXContainerItemProxy section */
		FF5834FE2D3F605B00C9482D /* PBXContainerItemProxy */ = {
			isa = PBXContainerItemProxy;
			containerPortal = FF5834E52D3F605900C9482D /* Project object */;
			proxyType = 1;
			remoteGlobalIDString = FF5834EC2D3F605900C9482D;
			remoteInfo = IKIGAI;
		};
		FF5835082D3F605B00C9482D /* PBXContainerItemProxy */ = {
			isa = PBXContainerItemProxy;
			containerPortal = FF5834E52D3F605900C9482D /* Project object */;
			proxyType = 1;
			remoteGlobalIDString = FF5834EC2D3F605900C9482D;
			remoteInfo = IKIGAI;
		};
/* End PBXContainerItemProxy section */

/* Begin PBXFileReference section */
		6A75F4F72D5A08E2000B99EB /* User.swift */ = {isa = PBXFileReference; lastKnownFileType = sourcecode.swift; path = User.swift; sourceTree = "<group>"; };
		6A75F4F92D5A0964000B99EB /* AuthViewModel.swift */ = {isa = PBXFileReference; lastKnownFileType = sourcecode.swift; path = AuthViewModel.swift; sourceTree = "<group>"; };
		6A75F4FB2D5A09B7000B99EB /* LoginView.swift */ = {isa = PBXFileReference; lastKnownFileType = sourcecode.swift; path = LoginView.swift; sourceTree = "<group>"; };
		6A75F4FD2D5A0D64000B99EB /* RegisterView.swift */ = {isa = PBXFileReference; lastKnownFileType = sourcecode.swift; path = RegisterView.swift; sourceTree = "<group>"; };
		6ABAE9152D5B85B0009F1CE5 /* EditTaskView.swift */ = {isa = PBXFileReference; lastKnownFileType = sourcecode.swift; path = EditTaskView.swift; sourceTree = "<group>"; };
		6AC1C0E92D5B6F920097F8F2 /* KanbanTaskView.swift */ = {isa = PBXFileReference; lastKnownFileType = sourcecode.swift; path = KanbanTaskView.swift; sourceTree = "<group>"; };
		FF047D592D5DF21E00836944 /* Content.swift */ = {isa = PBXFileReference; lastKnownFileType = sourcecode.swift; path = Content.swift; sourceTree = "<group>"; };
		FF04B4612D48B0620001A180 /* KanbanBoardCard.swift */ = {isa = PBXFileReference; lastKnownFileType = sourcecode.swift; path = KanbanBoardCard.swift; sourceTree = "<group>"; };
		FF04B4632D48B0AA0001A180 /* CreateKanbanBoardView.swift */ = {isa = PBXFileReference; lastKnownFileType = sourcecode.swift; path = CreateKanbanBoardView.swift; sourceTree = "<group>"; };
		FF04B4652D48B1070001A180 /* SettingsView.swift */ = {isa = PBXFileReference; lastKnownFileType = sourcecode.swift; path = SettingsView.swift; sourceTree = "<group>"; };
		FF1E2F6F2D3F7F86000FEFB4 /* KanbanColumn.swift */ = {isa = PBXFileReference; lastKnownFileType = sourcecode.swift; path = KanbanColumn.swift; sourceTree = "<group>"; };
		FF1E2F712D3F7FC1000FEFB4 /* KanbanTask.swift */ = {isa = PBXFileReference; lastKnownFileType = sourcecode.swift; path = KanbanTask.swift; sourceTree = "<group>"; };
		FF52B3D02D48B40500E82037 /* KanbanBoard.swift */ = {isa = PBXFileReference; lastKnownFileType = sourcecode.swift; path = KanbanBoard.swift; sourceTree = "<group>"; };
		FF52B3D22D48BED000E82037 /* DataSavingService.swift */ = {isa = PBXFileReference; lastKnownFileType = sourcecode.swift; path = DataSavingService.swift; sourceTree = "<group>"; };
		FF52B3D42D48BEF900E82037 /* KanbanBoardViewModel.swift */ = {isa = PBXFileReference; lastKnownFileType = sourcecode.swift; path = KanbanBoardViewModel.swift; sourceTree = "<group>"; };
		FF5834ED2D3F605900C9482D /* IKIGAI.app */ = {isa = PBXFileReference; explicitFileType = wrapper.application; includeInIndex = 0; path = IKIGAI.app; sourceTree = BUILT_PRODUCTS_DIR; };
		FF5834F02D3F605900C9482D /* IKIGAIApp.swift */ = {isa = PBXFileReference; lastKnownFileType = sourcecode.swift; path = IKIGAIApp.swift; sourceTree = "<group>"; };
		FF5834F42D3F605B00C9482D /* Assets.xcassets */ = {isa = PBXFileReference; lastKnownFileType = folder.assetcatalog; path = Assets.xcassets; sourceTree = "<group>"; };
		FF5834F72D3F605B00C9482D /* Preview Assets.xcassets */ = {isa = PBXFileReference; lastKnownFileType = folder.assetcatalog; path = "Preview Assets.xcassets"; sourceTree = "<group>"; };
		FF5834FD2D3F605B00C9482D /* IKIGAITests.xctest */ = {isa = PBXFileReference; explicitFileType = wrapper.cfbundle; includeInIndex = 0; path = IKIGAITests.xctest; sourceTree = BUILT_PRODUCTS_DIR; };
		FF5835072D3F605B00C9482D /* IKIGAIUITests.xctest */ = {isa = PBXFileReference; explicitFileType = wrapper.cfbundle; includeInIndex = 0; path = IKIGAIUITests.xctest; sourceTree = BUILT_PRODUCTS_DIR; };
		FF5835212D3F644200C9482D /* TaskStatus.swift */ = {isa = PBXFileReference; lastKnownFileType = sourcecode.swift; path = TaskStatus.swift; sourceTree = "<group>"; };
		FF5835252D3F64F000C9482D /* MainMenuView.swift */ = {isa = PBXFileReference; lastKnownFileType = sourcecode.swift; path = MainMenuView.swift; sourceTree = "<group>"; };
		FF5835272D3F655000C9482D /* KanbanBoardView.swift */ = {isa = PBXFileReference; lastKnownFileType = sourcecode.swift; path = KanbanBoardView.swift; sourceTree = "<group>"; };
		FF5835292D3F65AF00C9482D /* KanbanColumnView.swift */ = {isa = PBXFileReference; lastKnownFileType = sourcecode.swift; path = KanbanColumnView.swift; sourceTree = "<group>"; };
		FF58353A2D3F71A900C9482D /* AddTaskView.swift */ = {isa = PBXFileReference; lastKnownFileType = sourcecode.swift; path = AddTaskView.swift; sourceTree = "<group>"; };
		FF5FB3E42D5E30C200468223 /* kanban.json */ = {isa = PBXFileReference; lastKnownFileType = text.json; path = kanban.json; sourceTree = "<group>"; };
/* End PBXFileReference section */

/* Begin PBXFrameworksBuildPhase section */
		FF5834EA2D3F605900C9482D /* Frameworks */ = {
			isa = PBXFrameworksBuildPhase;
			buildActionMask = 2147483647;
			files = (
			);
			runOnlyForDeploymentPostprocessing = 0;
		};
		FF5834FA2D3F605B00C9482D /* Frameworks */ = {
			isa = PBXFrameworksBuildPhase;
			buildActionMask = 2147483647;
			files = (
			);
			runOnlyForDeploymentPostprocessing = 0;
		};
		FF5835042D3F605B00C9482D /* Frameworks */ = {
			isa = PBXFrameworksBuildPhase;
			buildActionMask = 2147483647;
			files = (
			);
			runOnlyForDeploymentPostprocessing = 0;
		};
/* End PBXFrameworksBuildPhase section */

/* Begin PBXGroup section */
		FF5834E42D3F605900C9482D = {
			isa = PBXGroup;
			children = (
				FF5834EF2D3F605900C9482D /* IKIGAI */,
				FF5834EE2D3F605900C9482D /* Products */,
			);
			sourceTree = "<group>";
		};
		FF5834EE2D3F605900C9482D /* Products */ = {
			isa = PBXGroup;
			children = (
				FF5834ED2D3F605900C9482D /* IKIGAI.app */,
				FF5834FD2D3F605B00C9482D /* IKIGAITests.xctest */,
				FF5835072D3F605B00C9482D /* IKIGAIUITests.xctest */,
			);
			name = Products;
			sourceTree = "<group>";
		};
		FF5834EF2D3F605900C9482D /* IKIGAI */ = {
			isa = PBXGroup;
			children = (
				FF5FB3E42D5E30C200468223 /* kanban.json */,
				FF58351D2D3F62D800C9482D /* Services */,
				FF58351C2D3F62BA00C9482D /* ViewModels */,
				FF58351B2D3F62A200C9482D /* Views */,
				FF58351A2D3F622500C9482D /* Models */,
				FF5834F02D3F605900C9482D /* IKIGAIApp.swift */,
				FF5834F42D3F605B00C9482D /* Assets.xcassets */,
				FF5834F62D3F605B00C9482D /* Preview Content */,
			);
			path = IKIGAI;
			sourceTree = "<group>";
		};
		FF5834F62D3F605B00C9482D /* Preview Content */ = {
			isa = PBXGroup;
			children = (
				FF5834F72D3F605B00C9482D /* Preview Assets.xcassets */,
			);
			path = "Preview Content";
			sourceTree = "<group>";
		};
		FF58351A2D3F622500C9482D /* Models */ = {
			isa = PBXGroup;
			children = (
				FF5835212D3F644200C9482D /* TaskStatus.swift */,
				FF1E2F6F2D3F7F86000FEFB4 /* KanbanColumn.swift */,
				FF1E2F712D3F7FC1000FEFB4 /* KanbanTask.swift */,
				FF52B3D02D48B40500E82037 /* KanbanBoard.swift */,
				6A75F4F72D5A08E2000B99EB /* User.swift */,
				FF047D592D5DF21E00836944 /* Content.swift */,
			);
			path = Models;
			sourceTree = "<group>";
		};
		FF58351B2D3F62A200C9482D /* Views */ = {
			isa = PBXGroup;
			children = (
				FF5835252D3F64F000C9482D /* MainMenuView.swift */,
				FF5835272D3F655000C9482D /* KanbanBoardView.swift */,
				FF5835292D3F65AF00C9482D /* KanbanColumnView.swift */,
				FF58353A2D3F71A900C9482D /* AddTaskView.swift */,
				FF04B4612D48B0620001A180 /* KanbanBoardCard.swift */,
				FF04B4632D48B0AA0001A180 /* CreateKanbanBoardView.swift */,
				FF04B4652D48B1070001A180 /* SettingsView.swift */,
				6A75F4F92D5A0964000B99EB /* AuthViewModel.swift */,
				6A75F4FB2D5A09B7000B99EB /* LoginView.swift */,
				6A75F4FD2D5A0D64000B99EB /* RegisterView.swift */,
				6AC1C0E92D5B6F920097F8F2 /* KanbanTaskView.swift */,
				6ABAE9152D5B85B0009F1CE5 /* EditTaskView.swift */,
			);
			path = Views;
			sourceTree = "<group>";
		};
		FF58351C2D3F62BA00C9482D /* ViewModels */ = {
			isa = PBXGroup;
			children = (
				FF52B3D42D48BEF900E82037 /* KanbanBoardViewModel.swift */,
			);
			path = ViewModels;
			sourceTree = "<group>";
		};
		FF58351D2D3F62D800C9482D /* Services */ = {
			isa = PBXGroup;
			children = (
				FF52B3D22D48BED000E82037 /* DataSavingService.swift */,
			);
			path = Services;
			sourceTree = "<group>";
		};
/* End PBXGroup section */

/* Begin PBXNativeTarget section */
		FF5834EC2D3F605900C9482D /* IKIGAI */ = {
			isa = PBXNativeTarget;
			buildConfigurationList = FF5835112D3F605B00C9482D /* Build configuration list for PBXNativeTarget "IKIGAI" */;
			buildPhases = (
				FF5834E92D3F605900C9482D /* Sources */,
				FF5834EA2D3F605900C9482D /* Frameworks */,
				FF5834EB2D3F605900C9482D /* Resources */,
			);
			buildRules = (
			);
			dependencies = (
			);
			name = IKIGAI;
			productName = IKIGAI;
			productReference = FF5834ED2D3F605900C9482D /* IKIGAI.app */;
			productType = "com.apple.product-type.application";
		};
		FF5834FC2D3F605B00C9482D /* IKIGAITests */ = {
			isa = PBXNativeTarget;
			buildConfigurationList = FF5835142D3F605B00C9482D /* Build configuration list for PBXNativeTarget "IKIGAITests" */;
			buildPhases = (
				FF5834F92D3F605B00C9482D /* Sources */,
				FF5834FA2D3F605B00C9482D /* Frameworks */,
				FF5834FB2D3F605B00C9482D /* Resources */,
			);
			buildRules = (
			);
			dependencies = (
				FF5834FF2D3F605B00C9482D /* PBXTargetDependency */,
			);
			name = IKIGAITests;
			productName = IKIGAITests;
			productReference = FF5834FD2D3F605B00C9482D /* IKIGAITests.xctest */;
			productType = "com.apple.product-type.bundle.unit-test";
		};
		FF5835062D3F605B00C9482D /* IKIGAIUITests */ = {
			isa = PBXNativeTarget;
			buildConfigurationList = FF5835172D3F605B00C9482D /* Build configuration list for PBXNativeTarget "IKIGAIUITests" */;
			buildPhases = (
				FF5835032D3F605B00C9482D /* Sources */,
				FF5835042D3F605B00C9482D /* Frameworks */,
				FF5835052D3F605B00C9482D /* Resources */,
			);
			buildRules = (
			);
			dependencies = (
				FF5835092D3F605B00C9482D /* PBXTargetDependency */,
			);
			name = IKIGAIUITests;
			productName = IKIGAIUITests;
			productReference = FF5835072D3F605B00C9482D /* IKIGAIUITests.xctest */;
			productType = "com.apple.product-type.bundle.ui-testing";
		};
/* End PBXNativeTarget section */

/* Begin PBXProject section */
		FF5834E52D3F605900C9482D /* Project object */ = {
			isa = PBXProject;
			attributes = {
				BuildIndependentTargetsInParallel = 1;
				LastSwiftUpdateCheck = 1320;
				LastUpgradeCheck = 1320;
				TargetAttributes = {
					FF5834EC2D3F605900C9482D = {
						CreatedOnToolsVersion = 13.2;
					};
					FF5834FC2D3F605B00C9482D = {
						CreatedOnToolsVersion = 13.2;
						TestTargetID = FF5834EC2D3F605900C9482D;
					};
					FF5835062D3F605B00C9482D = {
						CreatedOnToolsVersion = 13.2;
						TestTargetID = FF5834EC2D3F605900C9482D;
					};
				};
			};
			buildConfigurationList = FF5834E82D3F605900C9482D /* Build configuration list for PBXProject "IKIGAI" */;
			compatibilityVersion = "Xcode 13.0";
			developmentRegion = en;
			hasScannedForEncodings = 0;
			knownRegions = (
				en,
				Base,
			);
			mainGroup = FF5834E42D3F605900C9482D;
			productRefGroup = FF5834EE2D3F605900C9482D /* Products */;
			projectDirPath = "";
			projectRoot = "";
			targets = (
				FF5834EC2D3F605900C9482D /* IKIGAI */,
				FF5834FC2D3F605B00C9482D /* IKIGAITests */,
				FF5835062D3F605B00C9482D /* IKIGAIUITests */,
			);
		};
/* End PBXProject section */

/* Begin PBXResourcesBuildPhase section */
		FF5834EB2D3F605900C9482D /* Resources */ = {
			isa = PBXResourcesBuildPhase;
			buildActionMask = 2147483647;
			files = (
				FF5834F82D3F605B00C9482D /* Preview Assets.xcassets in Resources */,
				FF5834F52D3F605B00C9482D /* Assets.xcassets in Resources */,
			);
			runOnlyForDeploymentPostprocessing = 0;
		};
		FF5834FB2D3F605B00C9482D /* Resources */ = {
			isa = PBXResourcesBuildPhase;
			buildActionMask = 2147483647;
			files = (
			);
			runOnlyForDeploymentPostprocessing = 0;
		};
		FF5835052D3F605B00C9482D /* Resources */ = {
			isa = PBXResourcesBuildPhase;
			buildActionMask = 2147483647;
			files = (
			);
			runOnlyForDeploymentPostprocessing = 0;
		};
/* End PBXResourcesBuildPhase section */

/* Begin PBXSourcesBuildPhase section */
		FF5834E92D3F605900C9482D /* Sources */ = {
			isa = PBXSourcesBuildPhase;
			buildActionMask = 2147483647;
			files = (
				FF04B4642D48B0AA0001A180 /* CreateKanbanBoardView.swift in Sources */,
				6A75F4FE2D5A0D64000B99EB /* RegisterView.swift in Sources */,
				FF58353B2D3F71A900C9482D /* AddTaskView.swift in Sources */,
				FF5835282D3F655000C9482D /* KanbanBoardView.swift in Sources */,
				FF58352A2D3F65AF00C9482D /* KanbanColumnView.swift in Sources */,
				FF52B3D52D48BEF900E82037 /* KanbanBoardViewModel.swift in Sources */,
				FF5835262D3F64F000C9482D /* MainMenuView.swift in Sources */,
				FF047D5A2D5DF21E00836944 /* Content.swift in Sources */,
				6ABAE9162D5B85B0009F1CE5 /* EditTaskView.swift in Sources */,
				6AC1C0EA2D5B6F920097F8F2 /* KanbanTaskView.swift in Sources */,
				6A75F4F82D5A08E2000B99EB /* User.swift in Sources */,
				6A75F4FA2D5A0964000B99EB /* AuthViewModel.swift in Sources */,
				FF52B3D32D48BED000E82037 /* DataSavingService.swift in Sources */,
				FF1E2F722D3F7FC1000FEFB4 /* KanbanTask.swift in Sources */,
				FF5835222D3F644200C9482D /* TaskStatus.swift in Sources */,
				FF04B4622D48B0620001A180 /* KanbanBoardCard.swift in Sources */,
				FF5834F12D3F605900C9482D /* IKIGAIApp.swift in Sources */,
				FF52B3D12D48B40500E82037 /* KanbanBoard.swift in Sources */,
				6A75F4FC2D5A09B8000B99EB /* LoginView.swift in Sources */,
				FF1E2F702D3F7F86000FEFB4 /* KanbanColumn.swift in Sources */,
				FF04B4662D48B1070001A180 /* SettingsView.swift in Sources */,
			);
			runOnlyForDeploymentPostprocessing = 0;
		};
		FF5834F92D3F605B00C9482D /* Sources */ = {
			isa = PBXSourcesBuildPhase;
			buildActionMask = 2147483647;
			files = (
			);
			runOnlyForDeploymentPostprocessing = 0;
		};
		FF5835032D3F605B00C9482D /* Sources */ = {
			isa = PBXSourcesBuildPhase;
			buildActionMask = 2147483647;
			files = (
			);
			runOnlyForDeploymentPostprocessing = 0;
		};
/* End PBXSourcesBuildPhase section */

/* Begin PBXTargetDependency section */
		FF5834FF2D3F605B00C9482D /* PBXTargetDependency */ = {
			isa = PBXTargetDependency;
			target = FF5834EC2D3F605900C9482D /* IKIGAI */;
			targetProxy = FF5834FE2D3F605B00C9482D /* PBXContainerItemProxy */;
		};
		FF5835092D3F605B00C9482D /* PBXTargetDependency */ = {
			isa = PBXTargetDependency;
			target = FF5834EC2D3F605900C9482D /* IKIGAI */;
			targetProxy = FF5835082D3F605B00C9482D /* PBXContainerItemProxy */;
		};
/* End PBXTargetDependency section */

/* Begin XCBuildConfiguration section */
		FF58350F2D3F605B00C9482D /* Debug */ = {
			isa = XCBuildConfiguration;
			buildSettings = {
				ALWAYS_SEARCH_USER_PATHS = NO;
				CLANG_ANALYZER_NONNULL = YES;
				CLANG_ANALYZER_NUMBER_OBJECT_CONVERSION = YES_AGGRESSIVE;
				CLANG_CXX_LANGUAGE_STANDARD = "gnu++17";
				CLANG_CXX_LIBRARY = "libc++";
				CLANG_ENABLE_MODULES = YES;
				CLANG_ENABLE_OBJC_ARC = YES;
				CLANG_ENABLE_OBJC_WEAK = YES;
				CLANG_WARN_BLOCK_CAPTURE_AUTORELEASING = YES;
				CLANG_WARN_BOOL_CONVERSION = YES;
				CLANG_WARN_COMMA = YES;
				CLANG_WARN_CONSTANT_CONVERSION = YES;
				CLANG_WARN_DEPRECATED_OBJC_IMPLEMENTATIONS = YES;
				CLANG_WARN_DIRECT_OBJC_ISA_USAGE = YES_ERROR;
				CLANG_WARN_DOCUMENTATION_COMMENTS = YES;
				CLANG_WARN_EMPTY_BODY = YES;
				CLANG_WARN_ENUM_CONVERSION = YES;
				CLANG_WARN_INFINITE_RECURSION = YES;
				CLANG_WARN_INT_CONVERSION = YES;
				CLANG_WARN_NON_LITERAL_NULL_CONVERSION = YES;
				CLANG_WARN_OBJC_IMPLICIT_RETAIN_SELF = YES;
				CLANG_WARN_OBJC_LITERAL_CONVERSION = YES;
				CLANG_WARN_OBJC_ROOT_CLASS = YES_ERROR;
				CLANG_WARN_QUOTED_INCLUDE_IN_FRAMEWORK_HEADER = YES;
				CLANG_WARN_RANGE_LOOP_ANALYSIS = YES;
				CLANG_WARN_STRICT_PROTOTYPES = YES;
				CLANG_WARN_SUSPICIOUS_MOVE = YES;
				CLANG_WARN_UNGUARDED_AVAILABILITY = YES_AGGRESSIVE;
				CLANG_WARN_UNREACHABLE_CODE = YES;
				CLANG_WARN__DUPLICATE_METHOD_MATCH = YES;
				COPY_PHASE_STRIP = NO;
				DEBUG_INFORMATION_FORMAT = dwarf;
				ENABLE_STRICT_OBJC_MSGSEND = YES;
				ENABLE_TESTABILITY = YES;
				GCC_C_LANGUAGE_STANDARD = gnu11;
				GCC_DYNAMIC_NO_PIC = NO;
				GCC_NO_COMMON_BLOCKS = YES;
				GCC_OPTIMIZATION_LEVEL = 0;
				GCC_PREPROCESSOR_DEFINITIONS = (
					"DEBUG=1",
					"$(inherited)",
				);
				GCC_WARN_64_TO_32_BIT_CONVERSION = YES;
				GCC_WARN_ABOUT_RETURN_TYPE = YES_ERROR;
				GCC_WARN_UNDECLARED_SELECTOR = YES;
				GCC_WARN_UNINITIALIZED_AUTOS = YES_AGGRESSIVE;
				GCC_WARN_UNUSED_FUNCTION = YES;
				GCC_WARN_UNUSED_VARIABLE = YES;
				IPHONEOS_DEPLOYMENT_TARGET = 15.2;
				MTL_ENABLE_DEBUG_INFO = INCLUDE_SOURCE;
				MTL_FAST_MATH = YES;
				ONLY_ACTIVE_ARCH = YES;
				SDKROOT = iphoneos;
				SWIFT_ACTIVE_COMPILATION_CONDITIONS = DEBUG;
				SWIFT_OPTIMIZATION_LEVEL = "-Onone";
			};
			name = Debug;
		};
		FF5835102D3F605B00C9482D /* Release */ = {
			isa = XCBuildConfiguration;
			buildSettings = {
				ALWAYS_SEARCH_USER_PATHS = NO;
				CLANG_ANALYZER_NONNULL = YES;
				CLANG_ANALYZER_NUMBER_OBJECT_CONVERSION = YES_AGGRESSIVE;
				CLANG_CXX_LANGUAGE_STANDARD = "gnu++17";
				CLANG_CXX_LIBRARY = "libc++";
				CLANG_ENABLE_MODULES = YES;
				CLANG_ENABLE_OBJC_ARC = YES;
				CLANG_ENABLE_OBJC_WEAK = YES;
				CLANG_WARN_BLOCK_CAPTURE_AUTORELEASING = YES;
				CLANG_WARN_BOOL_CONVERSION = YES;
				CLANG_WARN_COMMA = YES;
				CLANG_WARN_CONSTANT_CONVERSION = YES;
				CLANG_WARN_DEPRECATED_OBJC_IMPLEMENTATIONS = YES;
				CLANG_WARN_DIRECT_OBJC_ISA_USAGE = YES_ERROR;
				CLANG_WARN_DOCUMENTATION_COMMENTS = YES;
				CLANG_WARN_EMPTY_BODY = YES;
				CLANG_WARN_ENUM_CONVERSION = YES;
				CLANG_WARN_INFINITE_RECURSION = YES;
				CLANG_WARN_INT_CONVERSION = YES;
				CLANG_WARN_NON_LITERAL_NULL_CONVERSION = YES;
				CLANG_WARN_OBJC_IMPLICIT_RETAIN_SELF = YES;
				CLANG_WARN_OBJC_LITERAL_CONVERSION = YES;
				CLANG_WARN_OBJC_ROOT_CLASS = YES_ERROR;
				CLANG_WARN_QUOTED_INCLUDE_IN_FRAMEWORK_HEADER = YES;
				CLANG_WARN_RANGE_LOOP_ANALYSIS = YES;
				CLANG_WARN_STRICT_PROTOTYPES = YES;
				CLANG_WARN_SUSPICIOUS_MOVE = YES;
				CLANG_WARN_UNGUARDED_AVAILABILITY = YES_AGGRESSIVE;
				CLANG_WARN_UNREACHABLE_CODE = YES;
				CLANG_WARN__DUPLICATE_METHOD_MATCH = YES;
				COPY_PHASE_STRIP = NO;
				DEBUG_INFORMATION_FORMAT = "dwarf-with-dsym";
				ENABLE_NS_ASSERTIONS = NO;
				ENABLE_STRICT_OBJC_MSGSEND = YES;
				GCC_C_LANGUAGE_STANDARD = gnu11;
				GCC_NO_COMMON_BLOCKS = YES;
				GCC_WARN_64_TO_32_BIT_CONVERSION = YES;
				GCC_WARN_ABOUT_RETURN_TYPE = YES_ERROR;
				GCC_WARN_UNDECLARED_SELECTOR = YES;
				GCC_WARN_UNINITIALIZED_AUTOS = YES_AGGRESSIVE;
				GCC_WARN_UNUSED_FUNCTION = YES;
				GCC_WARN_UNUSED_VARIABLE = YES;
				IPHONEOS_DEPLOYMENT_TARGET = 15.2;
				MTL_ENABLE_DEBUG_INFO = NO;
				MTL_FAST_MATH = YES;
				SDKROOT = iphoneos;
				SWIFT_COMPILATION_MODE = wholemodule;
				SWIFT_OPTIMIZATION_LEVEL = "-O";
				VALIDATE_PRODUCT = YES;
			};
			name = Release;
		};
		FF5835122D3F605B00C9482D /* Debug */ = {
			isa = XCBuildConfiguration;
			buildSettings = {
				ASSETCATALOG_COMPILER_APPICON_NAME = AppIcon;
				ASSETCATALOG_COMPILER_GLOBAL_ACCENT_COLOR_NAME = AccentColor;
				CODE_SIGN_STYLE = Automatic;
				CURRENT_PROJECT_VERSION = 1;
				DEVELOPMENT_ASSET_PATHS = "\"IKIGAI/Preview Content\"";
				ENABLE_PREVIEWS = YES;
				GENERATE_INFOPLIST_FILE = YES;
				INFOPLIST_KEY_UIApplicationSceneManifest_Generation = YES;
				INFOPLIST_KEY_UIApplicationSupportsIndirectInputEvents = YES;
				INFOPLIST_KEY_UILaunchScreen_Generation = YES;
				INFOPLIST_KEY_UISupportedInterfaceOrientations_iPad = "UIInterfaceOrientationPortrait UIInterfaceOrientationPortraitUpsideDown UIInterfaceOrientationLandscapeLeft UIInterfaceOrientationLandscapeRight";
				INFOPLIST_KEY_UISupportedInterfaceOrientations_iPhone = "UIInterfaceOrientationPortrait UIInterfaceOrientationLandscapeLeft UIInterfaceOrientationLandscapeRight";
				LD_RUNPATH_SEARCH_PATHS = (
					"$(inherited)",
					"@executable_path/Frameworks",
				);
				MARKETING_VERSION = 1.0;
				PRODUCT_BUNDLE_IDENTIFIER = astanaIT.IKIGAI;
				PRODUCT_NAME = "$(TARGET_NAME)";
				SWIFT_EMIT_LOC_STRINGS = YES;
				SWIFT_VERSION = 5.0;
				TARGETED_DEVICE_FAMILY = "1,2";
			};
			name = Debug;
		};
		FF5835132D3F605B00C9482D /* Release */ = {
			isa = XCBuildConfiguration;
			buildSettings = {
				ASSETCATALOG_COMPILER_APPICON_NAME = AppIcon;
				ASSETCATALOG_COMPILER_GLOBAL_ACCENT_COLOR_NAME = AccentColor;
				CODE_SIGN_STYLE = Automatic;
				CURRENT_PROJECT_VERSION = 1;
				DEVELOPMENT_ASSET_PATHS = "\"IKIGAI/Preview Content\"";
				ENABLE_PREVIEWS = YES;
				GENERATE_INFOPLIST_FILE = YES;
				INFOPLIST_KEY_UIApplicationSceneManifest_Generation = YES;
				INFOPLIST_KEY_UIApplicationSupportsIndirectInputEvents = YES;
				INFOPLIST_KEY_UILaunchScreen_Generation = YES;
				INFOPLIST_KEY_UISupportedInterfaceOrientations_iPad = "UIInterfaceOrientationPortrait UIInterfaceOrientationPortraitUpsideDown UIInterfaceOrientationLandscapeLeft UIInterfaceOrientationLandscapeRight";
				INFOPLIST_KEY_UISupportedInterfaceOrientations_iPhone = "UIInterfaceOrientationPortrait UIInterfaceOrientationLandscapeLeft UIInterfaceOrientationLandscapeRight";
				LD_RUNPATH_SEARCH_PATHS = (
					"$(inherited)",
					"@executable_path/Frameworks",
				);
				MARKETING_VERSION = 1.0;
				PRODUCT_BUNDLE_IDENTIFIER = astanaIT.IKIGAI;
				PRODUCT_NAME = "$(TARGET_NAME)";
				SWIFT_EMIT_LOC_STRINGS = YES;
				SWIFT_VERSION = 5.0;
				TARGETED_DEVICE_FAMILY = "1,2";
			};
			name = Release;
		};
		FF5835152D3F605B00C9482D /* Debug */ = {
			isa = XCBuildConfiguration;
			buildSettings = {
				ALWAYS_EMBED_SWIFT_STANDARD_LIBRARIES = YES;
				BUNDLE_LOADER = "$(TEST_HOST)";
				CODE_SIGN_STYLE = Automatic;
				CURRENT_PROJECT_VERSION = 1;
				GENERATE_INFOPLIST_FILE = YES;
				IPHONEOS_DEPLOYMENT_TARGET = 15.2;
				MARKETING_VERSION = 1.0;
				PRODUCT_BUNDLE_IDENTIFIER = astanaIT.IKIGAITests;
				PRODUCT_NAME = "$(TARGET_NAME)";
				SWIFT_EMIT_LOC_STRINGS = NO;
				SWIFT_VERSION = 5.0;
				TARGETED_DEVICE_FAMILY = "1,2";
				TEST_HOST = "$(BUILT_PRODUCTS_DIR)/IKIGAI.app/IKIGAI";
			};
			name = Debug;
		};
		FF5835162D3F605B00C9482D /* Release */ = {
			isa = XCBuildConfiguration;
			buildSettings = {
				ALWAYS_EMBED_SWIFT_STANDARD_LIBRARIES = YES;
				BUNDLE_LOADER = "$(TEST_HOST)";
				CODE_SIGN_STYLE = Automatic;
				CURRENT_PROJECT_VERSION = 1;
				GENERATE_INFOPLIST_FILE = YES;
				IPHONEOS_DEPLOYMENT_TARGET = 15.2;
				MARKETING_VERSION = 1.0;
				PRODUCT_BUNDLE_IDENTIFIER = astanaIT.IKIGAITests;
				PRODUCT_NAME = "$(TARGET_NAME)";
				SWIFT_EMIT_LOC_STRINGS = NO;
				SWIFT_VERSION = 5.0;
				TARGETED_DEVICE_FAMILY = "1,2";
				TEST_HOST = "$(BUILT_PRODUCTS_DIR)/IKIGAI.app/IKIGAI";
			};
			name = Release;
		};
		FF5835182D3F605B00C9482D /* Debug */ = {
			isa = XCBuildConfiguration;
			buildSettings = {
				ALWAYS_EMBED_SWIFT_STANDARD_LIBRARIES = YES;
				CODE_SIGN_STYLE = Automatic;
				CURRENT_PROJECT_VERSION = 1;
				GENERATE_INFOPLIST_FILE = YES;
				MARKETING_VERSION = 1.0;
				PRODUCT_BUNDLE_IDENTIFIER = astanaIT.IKIGAIUITests;
				PRODUCT_NAME = "$(TARGET_NAME)";
				SWIFT_EMIT_LOC_STRINGS = NO;
				SWIFT_VERSION = 5.0;
				TARGETED_DEVICE_FAMILY = "1,2";
				TEST_TARGET_NAME = IKIGAI;
			};
			name = Debug;
		};
		FF5835192D3F605B00C9482D /* Release */ = {
			isa = XCBuildConfiguration;
			buildSettings = {
				ALWAYS_EMBED_SWIFT_STANDARD_LIBRARIES = YES;
				CODE_SIGN_STYLE = Automatic;
				CURRENT_PROJECT_VERSION = 1;
				GENERATE_INFOPLIST_FILE = YES;
				MARKETING_VERSION = 1.0;
				PRODUCT_BUNDLE_IDENTIFIER = astanaIT.IKIGAIUITests;
				PRODUCT_NAME = "$(TARGET_NAME)";
				SWIFT_EMIT_LOC_STRINGS = NO;
				SWIFT_VERSION = 5.0;
				TARGETED_DEVICE_FAMILY = "1,2";
				TEST_TARGET_NAME = IKIGAI;
			};
			name = Release;
		};
/* End XCBuildConfiguration section */

/* Begin XCConfigurationList section */
		FF5834E82D3F605900C9482D /* Build configuration list for PBXProject "IKIGAI" */ = {
			isa = XCConfigurationList;
			buildConfigurations = (
				FF58350F2D3F605B00C9482D /* Debug */,
				FF5835102D3F605B00C9482D /* Release */,
			);
			defaultConfigurationIsVisible = 0;
			defaultConfigurationName = Release;
		};
		FF5835112D3F605B00C9482D /* Build configuration list for PBXNativeTarget "IKIGAI" */ = {
			isa = XCConfigurationList;
			buildConfigurations = (
				FF5835122D3F605B00C9482D /* Debug */,
				FF5835132D3F605B00C9482D /* Release */,
			);
			defaultConfigurationIsVisible = 0;
			defaultConfigurationName = Release;
		};
		FF5835142D3F605B00C9482D /* Build configuration list for PBXNativeTarget "IKIGAITests" */ = {
			isa = XCConfigurationList;
			buildConfigurations = (
				FF5835152D3F605B00C9482D /* Debug */,
				FF5835162D3F605B00C9482D /* Release */,
			);
			defaultConfigurationIsVisible = 0;
			defaultConfigurationName = Release;
		};
		FF5835172D3F605B00C9482D /* Build configuration list for PBXNativeTarget "IKIGAIUITests" */ = {
			isa = XCConfigurationList;
			buildConfigurations = (
				FF5835182D3F605B00C9482D /* Debug */,
				FF5835192D3F605B00C9482D /* Release */,
			);
			defaultConfigurationIsVisible = 0;
			defaultConfigurationName = Release;
		};
/* End XCConfigurationList section */
	};
	rootObject = FF5834E52D3F605900C9482D /* Project object */;
}
